{
  "name": "dev_pilotAI",
  "lockfileVersion": 3,
  "requires": true,
  "packages": {
    "": {
      "dependencies": {
        "@openrouter/sdk": "^0.13.7"
      }
    },
    "node_modules/@openrouter/sdk": {
      "version": "0.13.7",
      "resolved": "https://registry.npmjs.org/@openrouter/sdk/-/sdk-0.13.7.tgz",
      "integrity": "sha512-/QGoYdbFC2lqnVoCwtBX1+3Z5v6SF5hS1/dQisY0so3DzNAIQLHShA0OQVeAg20X0RG3CSKSCK0Ijnkt2rHDXA==",
      "hasInstallScript": true,
      "license": "Apache-2.0",
      "dependencies": {
        "zod": "^3.25.0 || ^4.0.0"
      }
    },
    "node_modules/zod": {
      "version": "4.4.3",
      "resolved": "https://registry.npmjs.org/zod/-/zod-4.4.3.tgz",
      "integrity": "sha512-ytENFjIJFl2UwYglde2jchW2Hwm4GJFLDiSXWdTrJQBIN9Fcyp7n4DhxJEiWNAJMV1/BqWfW/kkg71UDcHJyTQ==",
      "license": "MIT",
      "funding": {
        "url": "https://github.com/sponsors/colinhacks"
      }
    }
  }
}
